
Microsoft Visual Studio Solution File, Format Version 12.00
# Visual Studio Version 17
VisualStudioVersion = 17.7.34018.315
MinimumVisualStudioVersion = 10.0.40219.1
Project("{FAE04EC0-301F-11D3-BF4B-00C04F79EFBC}") = "EmployeeAPI", "EmployeeAPI\EmployeeAPI.csproj", "{64063126-E60E-4E80-B236-E0DD45F85E5F}"
EndProject
Project("{FAE04EC0-301F-11D3-BF4B-00C04F79EFBC}") = "Tests", "Tests\Tests.csproj", "{F2C6E656-E4EE-4E55-85BD-6153A40A1A79}"
EndProject
Global
	GlobalSection(SolutionConfigurationPlatforms) = preSolution
		Debug|Any CPU = Debug|Any CPU
		Release|Any CPU = Release|Any CPU
	EndGlobalSection
	GlobalSection(ProjectConfigurationPlatforms) = postSolution
		{64063126-E60E-4E80-B236-E0DD45F85E5F}.Debug|Any CPU.ActiveCfg = Debug|Any CPU
		{64063126-E60E-4E80-B236-E0DD45F85E5F}.Debug|Any CPU.Build.0 = Debug|Any CPU
		{64063126-E60E-4E80-B236-E0DD45F85E5F}.Release|Any CPU.ActiveCfg = Release|Any CPU
		{64063126-E60E-4E80-B236-E0DD45F85E5F}.Release|Any CPU.Build.0 = Release|Any CPU
		{F2C6E656-E4EE-4E55-85BD-6153A40A1A79}.Debug|Any CPU.ActiveCfg = Debug|Any CPU
		{F2C6E656-E4EE-4E55-85BD-6153A40A1A79}.Debug|Any CPU.Build.0 = Debug|Any CPU
		{F2C6E656-E4EE-4E55-85BD-6153A40A1A79}.Release|Any CPU.ActiveCfg = Release|Any CPU
		{F2C6E656-E4EE-4E55-85BD-6153A40A1A79}.Release|Any CPU.Build.0 = Release|Any CPU
	EndGlobalSection
	GlobalSection(SolutionProperties) = preSolution
		HideSolutionNode = FALSE
	EndGlobalSection
	GlobalSection(ExtensibilityGlobals) = postSolution
		SolutionGuid = {766ACB54-E049-46EC-9907-919A3D5AD98D}
	EndGlobalSection
EndGlobal
